
Microsoft Visual Studio Solution File, Format Version 12.00
# Visual Studio Version 16
VisualStudioVersion = 16.0.31410.357
MinimumVisualStudioVersion = 10.0.40219.1
Project("{FAE04EC0-301F-11D3-BF4B-00C04F79EFBC}") = "DepartmentAndEmployees", "DepartmentAndEmployees\DepartmentAndEmployees.csproj", "{1D16A66B-63CB-4286-BD2F-16B3B5045214}"
EndProject
Global
	GlobalSection(SolutionConfigurationPlatforms) = preSolution
		Debug|Any CPU = Debug|Any CPU
		Release|Any CPU = Release|Any CPU
	EndGlobalSection
	GlobalSection(ProjectConfigurationPlatforms) = postSolution
		{1D16A66B-63CB-4286-BD2F-16B3B5045214}.Debug|Any CPU.ActiveCfg = Debug|Any CPU
		{1D16A66B-63CB-4286-BD2F-16B3B5045214}.Debug|Any CPU.Build.0 = Debug|Any CPU
		{1D16A66B-63CB-4286-BD2F-16B3B5045214}.Release|Any CPU.ActiveCfg = Release|Any CPU
		{1D16A66B-63CB-4286-BD2F-16B3B5045214}.Release|Any CPU.Build.0 = Release|Any CPU
	EndGlobalSection
	GlobalSection(SolutionProperties) = preSolution
		HideSolutionNode = FALSE
	EndGlobalSection
	GlobalSection(ExtensibilityGlobals) = postSolution
		SolutionGuid = {D26BAC4C-7AC9-41C9-95F4-9339EFA7AD70}
	EndGlobalSection
EndGlobal
